<Solution>
  <Folder Name="/samples/">
    <Project Path="samples/background-agent/BackgroundAgent.csproj" />
    <Project Path="samples/chat-assistant/ChatAssistant.csproj" />
    <Project Path="samples/extraction/Extraction.csproj" />
    <Project Path="samples/hello/Hello.csproj" />
  </Folder>
  <Folder Name="/src/">
    <Project Path="src/Sleepyshark.Officina/Sleepyshark.Officina.csproj" />
    <Project Path="src/Sleepyshark.Officina.Claude/Sleepyshark.Officina.Claude.csproj" />
    <Project Path="src/Sleepyshark.Officina.Mcp/Sleepyshark.Officina.Mcp.csproj" />
    <Project Path="src/Sleepyshark.Officina.Testing/Sleepyshark.Officina.Testing.csproj" />
  </Folder>
  <Folder Name="/apps/">
    <Project Path="apps/BookshopAssistant/BookshopAssistant.csproj" />
  </Folder>
  <Folder Name="/tests/">
    <Project Path="tests/BookshopAssistant.Tests/BookshopAssistant.Tests.csproj" />
    <Project Path="tests/Samples.Tests/Samples.Tests.csproj" />
    <Project Path="tests/Sleepyshark.Officina.Claude.Tests/Sleepyshark.Officina.Claude.Tests.csproj" />
    <Project Path="tests/Sleepyshark.Officina.Dependencies.Tests/Sleepyshark.Officina.Dependencies.Tests.csproj" />
    <Project Path="tests/Sleepyshark.Officina.Mcp.FakeServer/Sleepyshark.Officina.Mcp.FakeServer.csproj" />
    <Project Path="tests/Sleepyshark.Officina.Mcp.Tests/Sleepyshark.Officina.Mcp.Tests.csproj" />
    <Project Path="tests/Sleepyshark.Officina.Tests/Sleepyshark.Officina.Tests.csproj" />
  </Folder>
</Solution>
